
Microsoft Visual Studio Solution File, Format Version 12.00
# Visual Studio Version 17
VisualStudioVersion = 17.6.33829.357
MinimumVisualStudioVersion = 10.0.40219.1
Project("{FAE04EC0-301F-11D3-BF4B-00C04F79EFBC}") = "Airport", "Airport\Airport.csproj", "{9667C8E9-43A4-48B5-8B5B-6701BFD31FE1}"
EndProject
Global
	GlobalSection(SolutionConfigurationPlatforms) = preSolution
		Debug|Any CPU = Debug|Any CPU
		Release|Any CPU = Release|Any CPU
	EndGlobalSection
	GlobalSection(ProjectConfigurationPlatforms) = postSolution
		{9667C8E9-43A4-48B5-8B5B-6701BFD31FE1}.Debug|Any CPU.ActiveCfg = Debug|Any CPU
		{9667C8E9-43A4-48B5-8B5B-6701BFD31FE1}.Debug|Any CPU.Build.0 = Debug|Any CPU
		{9667C8E9-43A4-48B5-8B5B-6701BFD31FE1}.Release|Any CPU.ActiveCfg = Release|Any CPU
		{9667C8E9-43A4-48B5-8B5B-6701BFD31FE1}.Release|Any CPU.Build.0 = Release|Any CPU
	EndGlobalSection
	GlobalSection(SolutionProperties) = preSolution
		HideSolutionNode = FALSE
	EndGlobalSection
	GlobalSection(ExtensibilityGlobals) = postSolution
		SolutionGuid = {F2BCEC45-E046-430A-B0CE-B45170CC1DF5}
	EndGlobalSection
EndGlobal
